<?xml version="1.0" encoding="utf-8"?>
<Project ToolsVersion="4.0" xmlns="http://schemas.microsoft.com/developer/msbuild/2003">
  <ItemGroup>
    <Filter Include="Source Files">
      <UniqueIdentifier>{4FC737F1-C7A5-4376-A066-2A32D752A2FF}</UniqueIdentifier>
      <Extensions>cpp;c;cc;cxx;def;odl;idl;hpj;bat;asm;asmx</Extensions>
    </Filter>
    <Filter Include="Header Files">
      <UniqueIdentifier>{93995380-89BD-4b04-88EB-625FBE52EBFB}</UniqueIdentifier>
      <Extensions>h;hh;hpp;hxx;hm;inl;inc;ipp;xsd</Extensions>
    </Filter>
    <Filter Include="Resource Files">
      <UniqueIdentifier>{67DA6AB6-F800-4c08-8B7A-83BB121AAD01}</UniqueIdentifier>
      <Extensions>rc;ico;cur;bmp;dlg;rc2;rct;bin;rgs;gif;jpg;jpeg;jpe;resx;tiff;tif;png;wav;mfcribbon-ms</Extensions>
    </Filter>
    <Filter Include="Lighting">
      <UniqueIdentifier>{16255029-c7a5-4418-b473-6cbf18ebe5d6}</UniqueIdentifier>
    </Filter>
    <Filter Include="SceneGraph">
      <UniqueIdentifier>{be9e706d-b370-468c-a8fc-ca3b1228aaeb}</UniqueIdentifier>
    </Filter>
    <Filter Include="Technique">
      <UniqueIdentifier>{70df6ff8-86b0-4778-86a5-0b231b9c32b1}</UniqueIdentifier>
    </Filter>
    <Filter Include="Resource Files\Models">
      <UniqueIdentifier>{4cce21ff-123b-4a12-94ae-61c3b6ca0a2a}</UniqueIdentifier>
    </Filter>
    <Filter Include="Resource Files\Shaders">
      <UniqueIdentifier>{7508c0d9-5bc3-4afa-b630-dcdb52de3ff6}</UniqueIdentifier>
    </Filter>
    <Filter Include="Resource Files\Shaders\BumpShading">
      <UniqueIdentifier>{748215ad-f39a-4c90-9d03-e79e0378fc34}</UniqueIdentifier>
    </Filter>
    <Filter Include="Resource Files\Shaders\DisplacementShading">
      <UniqueIdentifier>{46a01d18-4055-4ed8-9fca-93efa5f7d8d8}</UniqueIdentifier>
    </Filter>
    <Filter Include="Resource Files\Shaders\EnvironmentShading">
      <UniqueIdentifier>{b6259068-ed3c-4443-b68f-daed99d43243}</UniqueIdentifier>
    </Filter>
    <Filter Include="Resource Files\Shaders\GlowingShading">
      <UniqueIdentifier>{2751b83d-2b0b-4fce-ae1c-21e8bd2f9872}</UniqueIdentifier>
    </Filter>
    <Filter Include="Resource Files\Shaders\GourandShading">
      <UniqueIdentifier>{2e165121-fd2b-4605-ad4c-3b9d09ff144b}</UniqueIdentifier>
    </Filter>
    <Filter Include="Resource Files\Shaders\DirectionalShadowShading">
      <UniqueIdentifier>{ad3a6333-9b89-4d6e-88f7-615164419549}</UniqueIdentifier>
    </Filter>
    <Filter Include="Resource Files\Shaders\DirectionalShadowShading\Normal">
      <UniqueIdentifier>{e6a7e94b-4519-4fe8-aeff-6f02e74d634e}</UniqueIdentifier>
    </Filter>
    <Filter Include="Resource Files\Shaders\DirectionalShadowShading\Displacement">
      <UniqueIdentifier>{6b7cd078-a4f3-4d84-b7b7-94f000fd5d4b}</UniqueIdentifier>
    </Filter>
    <Filter Include="Resource Files\Shaders\OmniDirectionalShadowShading">
      <UniqueIdentifier>{49cb7abf-fbff-42ac-a6cf-b49567935e0e}</UniqueIdentifier>
    </Filter>
    <Filter Include="Resource Files\Shaders\OmniDirectionalShadowShading\Displacement">
      <UniqueIdentifier>{e4b91e0b-5730-4dab-a4c6-78280ea1f49d}</UniqueIdentifier>
    </Filter>
    <Filter Include="Resource Files\Shaders\OmniDirectionalShadowShading\Normal">
      <UniqueIdentifier>{f679520f-0df5-4bac-ba6b-3624043fa6f2}</UniqueIdentifier>
    </Filter>
    <Filter Include="Resource Files\Shaders\PhongShading">
      <UniqueIdentifier>{5eb750a7-bf71-4497-a6b0-9af15b9a675a}</UniqueIdentifier>
    </Filter>
    <Filter Include="Resource Files\Shaders\TextureShading">
      <UniqueIdentifier>{f26ab8a5-ba74-4329-bec3-ba3f8d32487a}</UniqueIdentifier>
    </Filter>
    <Filter Include="Resource Files\Shaders\ToonShading">
      <UniqueIdentifier>{8e3c781f-481c-4507-94b8-ddd650d5d956}</UniqueIdentifier>
    </Filter>
    <Filter Include="Resource Files\Shaders\TransparencyShading">
      <UniqueIdentifier>{bfce7370-d794-4686-89d4-93dccd66f141}</UniqueIdentifier>
    </Filter>
    <Filter Include="Resource Files\Textures">
      <UniqueIdentifier>{500b5297-51ca-4cc2-b5ee-dde99c74c396}</UniqueIdentifier>
    </Filter>
  </ItemGroup>
  <ItemGroup>
    <ClInclude Include="ModelLoader.h">
      <Filter>Header Files</Filter>
    </ClInclude>
    <ClInclude Include="Model.h">
      <Filter>Header Files</Filter>
    </ClInclude>
    <ClInclude Include="Win32Window.h">
      <Filter>Header Files</Filter>
    </ClInclude>
    <ClInclude Include="DX11Render.h">
      <Filter>Header Files</Filter>
    </ClInclude>
    <ClInclude Include="Game.h">
      <Filter>Header Files</Filter>
    </ClInclude>
    <ClInclude Include="Camera.h">
      <Filter>Header Files</Filter>
    </ClInclude>
    <ClInclude Include="Shader.h">
      <Filter>Header Files</Filter>
    </ClInclude>
    <ClInclude Include="PointLight.h">
      <Filter>Lighting</Filter>
    </ClInclude>
    <ClInclude Include="DirectionalLight.h">
      <Filter>Lighting</Filter>
    </ClInclude>
    <ClInclude Include="LightingManager.h">
      <Filter>Lighting</Filter>
    </ClInclude>
    <ClInclude Include="SpotLight.h">
      <Filter>Lighting</Filter>
    </ClInclude>
    <ClInclude Include="Texture.h">
      <Filter>Header Files</Filter>
    </ClInclude>
    <ClInclude Include="DDSTextureLoader.h">
      <Filter>Header Files</Filter>
    </ClInclude>
    <ClInclude Include="Framebuffer.h">
      <Filter>Header Files</Filter>
    </ClInclude>
    <ClInclude Include="SceneGraphNode.h">
      <Filter>SceneGraph</Filter>
    </ClInclude>
    <ClInclude Include="Object.h">
      <Filter>Header Files</Filter>
    </ClInclude>
    <ClInclude Include="IdentityNode.h">
      <Filter>SceneGraph</Filter>
    </ClInclude>
    <ClInclude Include="ObjectNode.h">
      <Filter>SceneGraph</Filter>
    </ClInclude>
    <ClInclude Include="RotationNode.h">
      <Filter>SceneGraph</Filter>
    </ClInclude>
    <ClInclude Include="ScaleNode.h">
      <Filter>SceneGraph</Filter>
    </ClInclude>
    <ClInclude Include="TranslationNode.h">
      <Filter>SceneGraph</Filter>
    </ClInclude>
    <ClInclude Include="Technique.h">
      <Filter>Technique</Filter>
    </ClInclude>
    <ClInclude Include="GourandShading.h">
      <Filter>Technique</Filter>
    </ClInclude>
    <ClInclude Include="PhongShading.h">
      <Filter>Technique</Filter>
    </ClInclude>
    <ClInclude Include="TextureMapping.h">
      <Filter>Technique</Filter>
    </ClInclude>
    <ClInclude Include="BumpMapping.h">
      <Filter>Technique</Filter>
    </ClInclude>
    <ClInclude Include="DisplacementMapping.h">
      <Filter>Technique</Filter>
    </ClInclude>
    <ClInclude Include="ToonShading.h">
      <Filter>Technique</Filter>
    </ClInclude>
    <ClInclude Include="TransparencyShading.h">
      <Filter>Technique</Filter>
    </ClInclude>
    <ClInclude Include="EnvironmentMapping.h">
      <Filter>Technique</Filter>
    </ClInclude>
    <ClInclude Include="GlowingShading.h">
      <Filter>Technique</Filter>
    </ClInclude>
    <ClInclude Include="ResourceManager.h">
      <Filter>Header Files</Filter>
    </ClInclude>
    <ClInclude Include="ObjectManager.h">
      <Filter>Header Files</Filter>
    </ClInclude>
    <ClInclude Include="PointLightNode.h">
      <Filter>SceneGraph</Filter>
    </ClInclude>
    <ClInclude Include="SpotLightNode.h">
      <Filter>SceneGraph</Filter>
    </ClInclude>
    <ClInclude Include="DirectionalLightNode.h">
      <Filter>SceneGraph</Filter>
    </ClInclude>
    <ClInclude Include="VectorAnimation.h">
      <Filter>Header Files</Filter>
    </ClInclude>
  </ItemGroup>
  <ItemGroup>
    <ClCompile Include="ModelLoader.cpp">
      <Filter>Source Files</Filter>
    </ClCompile>
    <ClCompile Include="Model.cpp">
      <Filter>Source Files</Filter>
    </ClCompile>
    <ClCompile Include="main.cpp">
      <Filter>Source Files</Filter>
    </ClCompile>
    <ClCompile Include="Win32Window.cpp">
      <Filter>Source Files</Filter>
    </ClCompile>
    <ClCompile Include="DX11Render.cpp">
      <Filter>Source Files</Filter>
    </ClCompile>
    <ClCompile Include="Game.cpp">
      <Filter>Source Files</Filter>
    </ClCompile>
    <ClCompile Include="Camera.cpp">
      <Filter>Source Files</Filter>
    </ClCompile>
    <ClCompile Include="Shader.cpp">
      <Filter>Source Files</Filter>
    </ClCompile>
    <ClCompile Include="PointLight.cpp">
      <Filter>Lighting</Filter>
    </ClCompile>
    <ClCompile Include="DirectionalLight.cpp">
      <Filter>Lighting</Filter>
    </ClCompile>
    <ClCompile Include="LightingManager.cpp">
      <Filter>Lighting</Filter>
    </ClCompile>
    <ClCompile Include="SpotLight.cpp">
      <Filter>Lighting</Filter>
    </ClCompile>
    <ClCompile Include="Texture.cpp">
      <Filter>Source Files</Filter>
    </ClCompile>
    <ClCompile Include="DDSTextureLoader.cpp">
      <Filter>Source Files</Filter>
    </ClCompile>
    <ClCompile Include="Framebuffer.cpp">
      <Filter>Source Files</Filter>
    </ClCompile>
    <ClCompile Include="SceneGraphNode.cpp">
      <Filter>SceneGraph</Filter>
    </ClCompile>
    <ClCompile Include="Object.cpp">
      <Filter>Source Files</Filter>
    </ClCompile>
    <ClCompile Include="IdentityNode.cpp">
      <Filter>SceneGraph</Filter>
    </ClCompile>
    <ClCompile Include="ObjectNode.cpp">
      <Filter>SceneGraph</Filter>
    </ClCompile>
    <ClCompile Include="RotationNode.cpp">
      <Filter>SceneGraph</Filter>
    </ClCompile>
    <ClCompile Include="ScaleNode.cpp">
      <Filter>SceneGraph</Filter>
    </ClCompile>
    <ClCompile Include="TranslationNode.cpp">
      <Filter>SceneGraph</Filter>
    </ClCompile>
    <ClCompile Include="Technique.cpp">
      <Filter>Technique</Filter>
    </ClCompile>
    <ClCompile Include="GourandShading.cpp">
      <Filter>Technique</Filter>
    </ClCompile>
    <ClCompile Include="PhongShading.cpp">
      <Filter>Technique</Filter>
    </ClCompile>
    <ClCompile Include="TextureMapping.cpp">
      <Filter>Technique</Filter>
    </ClCompile>
    <ClCompile Include="BumpMapping.cpp">
      <Filter>Technique</Filter>
    </ClCompile>
    <ClCompile Include="DisplacementMapping.cpp">
      <Filter>Technique</Filter>
    </ClCompile>
    <ClCompile Include="ToonShading.cpp">
      <Filter>Technique</Filter>
    </ClCompile>
    <ClCompile Include="TransparencyShading.cpp">
      <Filter>Technique</Filter>
    </ClCompile>
    <ClCompile Include="EnvironmentMapping.cpp">
      <Filter>Technique</Filter>
    </ClCompile>
    <ClCompile Include="GlowingShading.cpp">
      <Filter>Technique</Filter>
    </ClCompile>
    <ClCompile Include="ResourceManager.cpp">
      <Filter>Source Files</Filter>
    </ClCompile>
    <ClCompile Include="ObjectManager.cpp">
      <Filter>Source Files</Filter>
    </ClCompile>
    <ClCompile Include="DirectionalLightNode.cpp">
      <Filter>SceneGraph</Filter>
    </ClCompile>
    <ClCompile Include="PointLightNode.cpp">
      <Filter>SceneGraph</Filter>
    </ClCompile>
    <ClCompile Include="SpotLightNode.cpp">
      <Filter>SceneGraph</Filter>
    </ClCompile>
    <ClCompile Include="VectorAnimation.cpp">
      <Filter>Source Files</Filter>
    </ClCompile>
  </ItemGroup>
  <ItemGroup>
    <CopyFileToFolders Include="GourandFragmentShader.hlsl">
      <Filter>Resource Files\Shaders\GourandShading</Filter>
    </CopyFileToFolders>
    <CopyFileToFolders Include="GourandVertexShader.hlsl">
      <Filter>Resource Files\Shaders\GourandShading</Filter>
    </CopyFileToFolders>
    <CopyFileToFolders Include="PhongFragmentShader.hlsl">
      <Filter>Resource Files\Shaders\PhongShading</Filter>
    </CopyFileToFolders>
    <CopyFileToFolders Include="PhongVertexShader.hlsl">
      <Filter>Resource Files\Shaders\PhongShading</Filter>
    </CopyFileToFolders>
    <CopyFileToFolders Include="TextureFragmentShader.hlsl">
      <Filter>Resource Files\Shaders\TextureShading</Filter>
    </CopyFileToFolders>
    <CopyFileToFolders Include="TextureVertexShader.hlsl">
      <Filter>Resource Files\Shaders\TextureShading</Filter>
    </CopyFileToFolders>
    <CopyFileToFolders Include="DisplacementDomainShader.hlsl">
      <Filter>Resource Files\Shaders\DisplacementShading</Filter>
    </CopyFileToFolders>
    <CopyFileToFolders Include="DisplacementFragmentShader.hlsl">
      <Filter>Resource Files\Shaders\DisplacementShading</Filter>
    </CopyFileToFolders>
    <CopyFileToFolders Include="DisplacementHullShader.hlsl">
      <Filter>Resource Files\Shaders\DisplacementShading</Filter>
    </CopyFileToFolders>
    <CopyFileToFolders Include="DisplacementVertexShader.hlsl">
      <Filter>Resource Files\Shaders\DisplacementShading</Filter>
    </CopyFileToFolders>
    <CopyFileToFolders Include="BumpFragmentShader.hlsl">
      <Filter>Resource Files\Shaders\BumpShading</Filter>
    </CopyFileToFolders>
    <CopyFileToFolders Include="BumpVertexShader.hlsl">
      <Filter>Resource Files\Shaders\BumpShading</Filter>
    </CopyFileToFolders>
    <CopyFileToFolders Include="sphere.obj">
      <Filter>Resource Files\Models</Filter>
    </CopyFileToFolders>
    <CopyFileToFolders Include="cube.obj">
      <Filter>Resource Files\Models</Filter>
    </CopyFileToFolders>
    <CopyFileToFolders Include="plane.obj">
      <Filter>Resource Files\Models</Filter>
    </CopyFileToFolders>
    <CopyFileToFolders Include="ToonVertexShader.hlsl">
      <Filter>Resource Files\Shaders\ToonShading</Filter>
    </CopyFileToFolders>
    <CopyFileToFolders Include="ToonFragmentShader.hlsl">
      <Filter>Resource Files\Shaders\ToonShading</Filter>
    </CopyFileToFolders>
  </ItemGroup>
  <ItemGroup>
    <CopyFileToFolders Include="Configuration.txt" />
    <Text Include="Notes.txt" />
  </ItemGroup>
  <ItemGroup>
    <None Include="packages.config" />
  </ItemGroup>
  <ItemGroup>
    <Image Include="tyre_base.dds">
      <Filter>Resource Files\Textures</Filter>
    </Image>
    <Image Include="tyre_height.dds">
      <Filter>Resource Files\Textures</Filter>
    </Image>
    <Image Include="tyre_normal.dds">
      <Filter>Resource Files\Textures</Filter>
    </Image>
    <Image Include="tyre_spec.dds">
      <Filter>Resource Files\Textures</Filter>
    </Image>
  </ItemGroup>
  <ItemGroup>
    <FxCompile Include="DisplacementDirectionalShadowVertexShader.hlsl">
      <Filter>Resource Files\Shaders\DirectionalShadowShading\Displacement</Filter>
    </FxCompile>
    <FxCompile Include="DisplacementDirectionalShadowHullShader.hlsl">
      <Filter>Resource Files\Shaders\DirectionalShadowShading\Displacement</Filter>
    </FxCompile>
    <FxCompile Include="DisplacementDirectionalShadowDomainShader.hlsl">
      <Filter>Resource Files\Shaders\DirectionalShadowShading\Displacement</Filter>
    </FxCompile>
    <FxCompile Include="DisplacementDirectionalShadowFragmentShader.hlsl">
      <Filter>Resource Files\Shaders\DirectionalShadowShading\Displacement</Filter>
    </FxCompile>
    <FxCompile Include="NormalDirectionalShadowVertexShader.hlsl">
      <Filter>Resource Files\Shaders\DirectionalShadowShading\Normal</Filter>
    </FxCompile>
    <FxCompile Include="NormalDirectionalShadowFragmentShader.hlsl">
      <Filter>Resource Files\Shaders\DirectionalShadowShading\Normal</Filter>
    </FxCompile>
    <FxCompile Include="DisplacementOmniShadowDomainShader.hlsl">
      <Filter>Resource Files\Shaders\OmniDirectionalShadowShading\Displacement</Filter>
    </FxCompile>
    <FxCompile Include="DisplacementOmniShadowFragmentShader.hlsl">
      <Filter>Resource Files\Shaders\OmniDirectionalShadowShading\Displacement</Filter>
    </FxCompile>
    <FxCompile Include="DisplacementOmniShadowHullShader.hlsl">
      <Filter>Resource Files\Shaders\OmniDirectionalShadowShading\Displacement</Filter>
    </FxCompile>
    <FxCompile Include="DisplacementOmniShadowVertexShader.hlsl">
      <Filter>Resource Files\Shaders\OmniDirectionalShadowShading\Displacement</Filter>
    </FxCompile>
    <FxCompile Include="DisplacementOmniShadowGeometryShader.hlsl">
      <Filter>Resource Files\Shaders\OmniDirectionalShadowShading\Displacement</Filter>
    </FxCompile>
    <FxCompile Include="NormalOmniShadowFragmentShader.hlsl">
      <Filter>Resource Files\Shaders\OmniDirectionalShadowShading\Normal</Filter>
    </FxCompile>
    <FxCompile Include="NormalOmniShadowVertexShader.hlsl">
      <Filter>Resource Files\Shaders\OmniDirectionalShadowShading\Normal</Filter>
    </FxCompile>
    <FxCompile Include="NormalOmniShadowGeometryShader.hlsl">
      <Filter>Resource Files\Shaders\OmniDirectionalShadowShading\Normal</Filter>
    </FxCompile>
  </ItemGroup>
</Project>