<?xml version="1.0" encoding="utf-8"?>
<Project ToolsVersion="4.0" xmlns="http://schemas.microsoft.com/developer/msbuild/2003">
  <ItemGroup>
    <Filter Include="Source Files">
      <UniqueIdentifier>{4FC737F1-C7A5-4376-A066-2A32D752A2FF}</UniqueIdentifier>
      <Extensions>cpp;c;cc;cxx;def;odl;idl;hpj;bat;asm;asmx</Extensions>
    </Filter>
    <Filter Include="Header Files">
      <UniqueIdentifier>{93995380-89BD-4b04-88EB-625FBE52EBFB}</UniqueIdentifier>
      <Extensions>h;hh;hpp;hxx;hm;inl;inc;ipp;xsd</Extensions>
    </Filter>
    <Filter Include="Resource Files">
      <UniqueIdentifier>{67DA6AB6-F800-4c08-8B7A-83BB121AAD01}</UniqueIdentifier>
      <Extensions>rc;ico;cur;bmp;dlg;rc2;rct;bin;rgs;gif;jpg;jpeg;jpe;resx;tiff;tif;png;wav;mfcribbon-ms</Extensions>
    </Filter>
    <Filter Include="Lighting">
      <UniqueIdentifier>{16255029-c7a5-4418-b473-6cbf18ebe5d6}</UniqueIdentifier>
    </Filter>
    <Filter Include="SceneGraph">
      <UniqueIdentifier>{be9e706d-b370-468c-a8fc-ca3b1228aaeb}</UniqueIdentifier>
    </Filter>
    <Filter Include="Technique">
      <UniqueIdentifier>{70df6ff8-86b0-4778-86a5-0b231b9c32b1}</UniqueIdentifier>
    </Filter>
    <Filter Include="Resource Files\Models">
      <UniqueIdentifier>{4cce21ff-123b-4a12-94ae-61c3b6ca0a2a}</UniqueIdentifier>
    </Filter>
    <Filter Include="Resource Files\Shaders">
      <UniqueIdentifier>{7508c0d9-5bc3-4afa-b630-dcdb52de3ff6}</UniqueIdentifier>
    </Filter>
    <Filter Include="Resource Files\Shaders\BumpShading">
      <UniqueIdentifier>{748215ad-f39a-4c90-9d03-e79e0378fc34}</UniqueIdentifier>
    </Filter>
    <Filter Include="Resource Files\Shaders\DisplacementShading">
      <UniqueIdentifier>{46a01d18-4055-4ed8-9fca-93efa5f7d8d8}</UniqueIdentifier>
    </Filter>
    <Filter Include="Resource Files\Shaders\EnvironmentShading">
      <UniqueIdentifier>{b6259068-ed3c-4443-b68f-daed99d43243}</UniqueIdentifier>
    </Filter>
    <Filter Include="Resource Files\Shaders\GlowingShading">
      <UniqueIdentifier>{2751b83d-2b0b-4fce-ae1c-21e8bd2f9872}</UniqueIdentifier>
    </Filter>
    <Filter Include="Resource Files\Shaders\GourandShading">
      <UniqueIdentifier>{2e165121-fd2b-4605-ad4c-3b9d09ff144b}</UniqueIdentifier>
    </Filter>
    <Filter Include="Resource Files\Shaders\DirectionalShadowShading">
      <UniqueIdentifier>{ad3a6333-9b89-4d6e-88f7-615164419549}</UniqueIdentifier>
    </Filter>
    <Filter Include="Resource Files\Shaders\DirectionalShadowShading\Normal">
      <UniqueIdentifier>{e6a7e94b-4519-4fe8-aeff-6f02e74d634e}</UniqueIdentifier>
    </Filter>
    <Filter Include="Resource Files\Shaders\DirectionalShadowShading\Displacement">
      <UniqueIdentifier>{6b7cd078-a4f3-4d84-b7b7-94f000fd5d4b}</UniqueIdentifier>
    </Filter>
    <Filter Include="Resource Files\Shaders\OmniDirectionalShadowShading">
      <UniqueIdentifier>{49cb7abf-fbff-42ac-a6cf-b49567935e0e}</UniqueIdentifier>
    </Filter>
    <Filter Include="Resource Files\Shaders\OmniDirectionalShadowShading\Displacement">
      <UniqueIdentifier>{e4b91e0b-5730-4dab-a4c6-78280ea1f49d}</UniqueIdentifier>
    </Filter>
    <Filter Include="Resource Files\Shaders\OmniDirectionalShadowShading\Normal">
      <UniqueIdentifier>{f679520f-0df5-4bac-ba6b-3624043fa6f2}</UniqueIdentifier>
    </Filter>
    <Filter Include="Resource Files\Shaders\PhongShading">
      <UniqueIdentifier>{5eb750a7-bf71-4497-a6b0-9af15b9a675a}</UniqueIdentifier>
    </Filter>
    <Filter Include="Resource Files\Shaders\TextureShading">
      <UniqueIdentifier>{f26ab8a5-ba74-4329-bec3-ba3f8d32487a}</UniqueIdentifier>
    </Filter>
    <Filter Include="Resource Files\Shaders\ToonShading">
      <UniqueIdentifier>{8e3c781f-481c-4507-94b8-ddd650d5d956}</UniqueIdentifier>
    </Filter>
    <Filter Include="Resource Files\Shaders\TransparencyShading">
      <UniqueIdentifier>{bfce7370-d794-4686-89d4-93dccd66f141}</UniqueIdentifier>
    </Filter>
    <Filter Include="Resource Files\Textures">
      <UniqueIdentifier>{500b5297-51ca-4cc2-b5ee-dde99c74c396}</UniqueIdentifier>
    </Filter>
    <Filter Include="Shapes">
      <UniqueIdentifier>{c73e642c-52a4-45b8-8faa-04d677f20e87}</UniqueIdentifier>
    </Filter>
    <Filter Include="Particles">
      <UniqueIdentifier>{b69eb496-59ac-4049-b090-b208e5aa7570}</UniqueIdentifier>
    </Filter>
    <Filter Include="Resource Files\Shaders\ParticleShader">
      <UniqueIdentifier>{951c17ad-3a32-4786-9dca-2462caef7a74}</UniqueIdentifier>
    </Filter>
    <Filter Include="Ink">
      <UniqueIdentifier>{f9ed6842-2eba-4115-aa8d-1ebb080e7ec4}</UniqueIdentifier>
    </Filter>
    <Filter Include="Ink\DepthShader">
      <UniqueIdentifier>{8ad63fbe-ec6a-4951-85fd-21cbe51a6e01}</UniqueIdentifier>
    </Filter>
    <Filter Include="Ink\ColorShader">
      <UniqueIdentifier>{e281433d-a32b-45c1-9b1d-21f1dfe7f08b}</UniqueIdentifier>
    </Filter>
    <Filter Include="Ink\PlaneDepthShader">
      <UniqueIdentifier>{f649a841-2492-469c-801b-c5a19d8a9909}</UniqueIdentifier>
    </Filter>
    <Filter Include="Ink\CubeDepthShader">
      <UniqueIdentifier>{3754ffca-06b6-4c61-a282-1fd47dfcb837}</UniqueIdentifier>
    </Filter>
    <Filter Include="Resource Files\Shaders\HDRShading">
      <UniqueIdentifier>{472b01e5-21f5-4e25-a19c-5ed708bd867c}</UniqueIdentifier>
    </Filter>
    <Filter Include="Animation">
      <UniqueIdentifier>{8af3d0e1-72da-42fe-a22c-6ec1d4347e8c}</UniqueIdentifier>
    </Filter>
    <Filter Include="Resource Files\Shaders\BumpShading\Deferred">
      <UniqueIdentifier>{7eb879be-1239-4ae5-ab76-c1ce40a20d35}</UniqueIdentifier>
    </Filter>
    <Filter Include="Resource Files\Shaders\BumpShading\Forward">
      <UniqueIdentifier>{35194ad5-917b-4ce2-9465-fbd55b92a65c}</UniqueIdentifier>
    </Filter>
    <Filter Include="Resource Files\Shaders\DisplacementShading\Deferred">
      <UniqueIdentifier>{46c1583b-9119-43ee-8db9-7799bb2340ec}</UniqueIdentifier>
    </Filter>
    <Filter Include="Resource Files\Shaders\DisplacementShading\Forward">
      <UniqueIdentifier>{85572799-c3df-4f33-8e60-9ac1ff0994c7}</UniqueIdentifier>
    </Filter>
    <Filter Include="Resource Files\Shaders\PhongShading\Deferred">
      <UniqueIdentifier>{3f20184b-f1dc-4bdf-b840-d2be177f1aec}</UniqueIdentifier>
    </Filter>
    <Filter Include="Resource Files\Shaders\PhongShading\Forward">
      <UniqueIdentifier>{d0422075-7ba4-46bd-a1b0-473acedf07ae}</UniqueIdentifier>
    </Filter>
    <Filter Include="Resource Files\Shaders\TextureShading\Deferred">
      <UniqueIdentifier>{17b07f88-1104-4f1d-a0f4-a8dd921fec70}</UniqueIdentifier>
    </Filter>
    <Filter Include="Resource Files\Shaders\TextureShading\Forward">
      <UniqueIdentifier>{70cc148b-a0d6-4bc6-bbb1-b63fa5ff48a1}</UniqueIdentifier>
    </Filter>
    <Filter Include="Resource Files\Shaders\EnvironmentShading\Deferred">
      <UniqueIdentifier>{8fb77ba7-a627-4e9d-b262-f96c14f45703}</UniqueIdentifier>
    </Filter>
    <Filter Include="Resource Files\Shaders\EnvironmentShading\Forward">
      <UniqueIdentifier>{31a45d38-1461-489c-97ab-54359ae7e31b}</UniqueIdentifier>
    </Filter>
    <Filter Include="Resource Files\Shaders\EnvironmentShading\Setup">
      <UniqueIdentifier>{d278c840-bfc5-4cf5-ba0e-0f00ba4875ad}</UniqueIdentifier>
    </Filter>
  </ItemGroup>
  <ItemGroup>
    <ClInclude Include="ModelLoader.h">
      <Filter>Header Files</Filter>
    </ClInclude>
    <ClInclude Include="Model.h">
      <Filter>Header Files</Filter>
    </ClInclude>
    <ClInclude Include="Win32Window.h">
      <Filter>Header Files</Filter>
    </ClInclude>
    <ClInclude Include="DX11Render.h">
      <Filter>Header Files</Filter>
    </ClInclude>
    <ClInclude Include="Game.h">
      <Filter>Header Files</Filter>
    </ClInclude>
    <ClInclude Include="Camera.h">
      <Filter>Header Files</Filter>
    </ClInclude>
    <ClInclude Include="Shader.h">
      <Filter>Header Files</Filter>
    </ClInclude>
    <ClInclude Include="PointLight.h">
      <Filter>Lighting</Filter>
    </ClInclude>
    <ClInclude Include="DirectionalLight.h">
      <Filter>Lighting</Filter>
    </ClInclude>
    <ClInclude Include="LightingManager.h">
      <Filter>Lighting</Filter>
    </ClInclude>
    <ClInclude Include="SpotLight.h">
      <Filter>Lighting</Filter>
    </ClInclude>
    <ClInclude Include="Texture.h">
      <Filter>Header Files</Filter>
    </ClInclude>
    <ClInclude Include="DDSTextureLoader.h">
      <Filter>Header Files</Filter>
    </ClInclude>
    <ClInclude Include="Framebuffer.h">
      <Filter>Header Files</Filter>
    </ClInclude>
    <ClInclude Include="SceneGraphNode.h">
      <Filter>SceneGraph</Filter>
    </ClInclude>
    <ClInclude Include="IdentityNode.h">
      <Filter>SceneGraph</Filter>
    </ClInclude>
    <ClInclude Include="RotationNode.h">
      <Filter>SceneGraph</Filter>
    </ClInclude>
    <ClInclude Include="ScaleNode.h">
      <Filter>SceneGraph</Filter>
    </ClInclude>
    <ClInclude Include="TranslationNode.h">
      <Filter>SceneGraph</Filter>
    </ClInclude>
    <ClInclude Include="Technique.h">
      <Filter>Technique</Filter>
    </ClInclude>
    <ClInclude Include="GourandShading.h">
      <Filter>Technique</Filter>
    </ClInclude>
    <ClInclude Include="PhongShading.h">
      <Filter>Technique</Filter>
    </ClInclude>
    <ClInclude Include="TextureMapping.h">
      <Filter>Technique</Filter>
    </ClInclude>
    <ClInclude Include="BumpMapping.h">
      <Filter>Technique</Filter>
    </ClInclude>
    <ClInclude Include="DisplacementMapping.h">
      <Filter>Technique</Filter>
    </ClInclude>
    <ClInclude Include="ToonShading.h">
      <Filter>Technique</Filter>
    </ClInclude>
    <ClInclude Include="TransparencyShading.h">
      <Filter>Technique</Filter>
    </ClInclude>
    <ClInclude Include="EnvironmentMapping.h">
      <Filter>Technique</Filter>
    </ClInclude>
    <ClInclude Include="GlowingShading.h">
      <Filter>Technique</Filter>
    </ClInclude>
    <ClInclude Include="ResourceManager.h">
      <Filter>Header Files</Filter>
    </ClInclude>
    <ClInclude Include="ObjectManager.h">
      <Filter>Header Files</Filter>
    </ClInclude>
    <ClInclude Include="PointLightNode.h">
      <Filter>SceneGraph</Filter>
    </ClInclude>
    <ClInclude Include="SpotLightNode.h">
      <Filter>SceneGraph</Filter>
    </ClInclude>
    <ClInclude Include="DirectionalLightNode.h">
      <Filter>SceneGraph</Filter>
    </ClInclude>
    <ClInclude Include="Cuboid.h">
      <Filter>Shapes</Filter>
    </ClInclude>
    <ClInclude Include="Plane.h">
      <Filter>Shapes</Filter>
    </ClInclude>
    <ClInclude Include="Shape.h">
      <Filter>Shapes</Filter>
    </ClInclude>
    <ClInclude Include="Sphere.h">
      <Filter>Shapes</Filter>
    </ClInclude>
    <ClInclude Include="TexturePack.h">
      <Filter>Header Files</Filter>
    </ClInclude>
    <ClInclude Include="Material.h">
      <Filter>Header Files</Filter>
    </ClInclude>
    <ClInclude Include="IExplode.h">
      <Filter>Particles</Filter>
    </ClInclude>
    <ClInclude Include="Particle.h">
      <Filter>Particles</Filter>
    </ClInclude>
    <ClInclude Include="ConfigLoader.h">
      <Filter>Header Files</Filter>
    </ClInclude>
    <ClInclude Include="ShapeNode.h">
      <Filter>SceneGraph</Filter>
    </ClInclude>
    <ClInclude Include="RenderManager.h">
      <Filter>Header Files</Filter>
    </ClInclude>
    <ClInclude Include="ParticleManager.h">
      <Filter>Particles</Filter>
    </ClInclude>
    <ClInclude Include="ParticleRender.h">
      <Filter>Particles</Filter>
    </ClInclude>
    <ClInclude Include="Shadow.h">
      <Filter>Lighting</Filter>
    </ClInclude>
    <ClInclude Include="InkRender.h">
      <Filter>Ink</Filter>
    </ClInclude>
    <ClInclude Include="InkCubeRender.h">
      <Filter>Ink</Filter>
    </ClInclude>
    <ClInclude Include="InkPlaneRender.h">
      <Filter>Ink</Filter>
    </ClInclude>
    <ClInclude Include="InkShapeRender.h">
      <Filter>Ink</Filter>
    </ClInclude>
    <ClInclude Include="AnimationNode.h">
      <Filter>SceneGraph</Filter>
    </ClInclude>
    <ClInclude Include="Animation.h">
      <Filter>Animation</Filter>
    </ClInclude>
    <ClInclude Include="QuaternionAnimation.h">
      <Filter>Animation</Filter>
    </ClInclude>
    <ClInclude Include="VectorAnimation.h">
      <Filter>Animation</Filter>
    </ClInclude>
  </ItemGroup>
  <ItemGroup>
    <ClCompile Include="ModelLoader.cpp">
      <Filter>Source Files</Filter>
    </ClCompile>
    <ClCompile Include="Model.cpp">
      <Filter>Source Files</Filter>
    </ClCompile>
    <ClCompile Include="main.cpp">
      <Filter>Source Files</Filter>
    </ClCompile>
    <ClCompile Include="Win32Window.cpp">
      <Filter>Source Files</Filter>
    </ClCompile>
    <ClCompile Include="DX11Render.cpp">
      <Filter>Source Files</Filter>
    </ClCompile>
    <ClCompile Include="Game.cpp">
      <Filter>Source Files</Filter>
    </ClCompile>
    <ClCompile Include="Camera.cpp">
      <Filter>Source Files</Filter>
    </ClCompile>
    <ClCompile Include="Shader.cpp">
      <Filter>Source Files</Filter>
    </ClCompile>
    <ClCompile Include="PointLight.cpp">
      <Filter>Lighting</Filter>
    </ClCompile>
    <ClCompile Include="DirectionalLight.cpp">
      <Filter>Lighting</Filter>
    </ClCompile>
    <ClCompile Include="LightingManager.cpp">
      <Filter>Lighting</Filter>
    </ClCompile>
    <ClCompile Include="SpotLight.cpp">
      <Filter>Lighting</Filter>
    </ClCompile>
    <ClCompile Include="Texture.cpp">
      <Filter>Source Files</Filter>
    </ClCompile>
    <ClCompile Include="DDSTextureLoader.cpp">
      <Filter>Source Files</Filter>
    </ClCompile>
    <ClCompile Include="Framebuffer.cpp">
      <Filter>Source Files</Filter>
    </ClCompile>
    <ClCompile Include="SceneGraphNode.cpp">
      <Filter>SceneGraph</Filter>
    </ClCompile>
    <ClCompile Include="IdentityNode.cpp">
      <Filter>SceneGraph</Filter>
    </ClCompile>
    <ClCompile Include="RotationNode.cpp">
      <Filter>SceneGraph</Filter>
    </ClCompile>
    <ClCompile Include="ScaleNode.cpp">
      <Filter>SceneGraph</Filter>
    </ClCompile>
    <ClCompile Include="TranslationNode.cpp">
      <Filter>SceneGraph</Filter>
    </ClCompile>
    <ClCompile Include="Technique.cpp">
      <Filter>Technique</Filter>
    </ClCompile>
    <ClCompile Include="GourandShading.cpp">
      <Filter>Technique</Filter>
    </ClCompile>
    <ClCompile Include="PhongShading.cpp">
      <Filter>Technique</Filter>
    </ClCompile>
    <ClCompile Include="TextureMapping.cpp">
      <Filter>Technique</Filter>
    </ClCompile>
    <ClCompile Include="BumpMapping.cpp">
      <Filter>Technique</Filter>
    </ClCompile>
    <ClCompile Include="DisplacementMapping.cpp">
      <Filter>Technique</Filter>
    </ClCompile>
    <ClCompile Include="ToonShading.cpp">
      <Filter>Technique</Filter>
    </ClCompile>
    <ClCompile Include="TransparencyShading.cpp">
      <Filter>Technique</Filter>
    </ClCompile>
    <ClCompile Include="EnvironmentMapping.cpp">
      <Filter>Technique</Filter>
    </ClCompile>
    <ClCompile Include="GlowingShading.cpp">
      <Filter>Technique</Filter>
    </ClCompile>
    <ClCompile Include="ResourceManager.cpp">
      <Filter>Source Files</Filter>
    </ClCompile>
    <ClCompile Include="ObjectManager.cpp">
      <Filter>Source Files</Filter>
    </ClCompile>
    <ClCompile Include="DirectionalLightNode.cpp">
      <Filter>SceneGraph</Filter>
    </ClCompile>
    <ClCompile Include="PointLightNode.cpp">
      <Filter>SceneGraph</Filter>
    </ClCompile>
    <ClCompile Include="SpotLightNode.cpp">
      <Filter>SceneGraph</Filter>
    </ClCompile>
    <ClCompile Include="Cuboid.cpp">
      <Filter>Shapes</Filter>
    </ClCompile>
    <ClCompile Include="Shape.cpp">
      <Filter>Shapes</Filter>
    </ClCompile>
    <ClCompile Include="Plane.cpp">
      <Filter>Shapes</Filter>
    </ClCompile>
    <ClCompile Include="Sphere.cpp">
      <Filter>Shapes</Filter>
    </ClCompile>
    <ClCompile Include="TexturePack.cpp">
      <Filter>Source Files</Filter>
    </ClCompile>
    <ClCompile Include="Material.cpp">
      <Filter>Source Files</Filter>
    </ClCompile>
    <ClCompile Include="Particle.cpp">
      <Filter>Particles</Filter>
    </ClCompile>
    <ClCompile Include="ConfigLoader.cpp">
      <Filter>Source Files</Filter>
    </ClCompile>
    <ClCompile Include="ShapeNode.cpp">
      <Filter>SceneGraph</Filter>
    </ClCompile>
    <ClCompile Include="RenderManager.cpp">
      <Filter>Source Files</Filter>
    </ClCompile>
    <ClCompile Include="ParticleManager.cpp">
      <Filter>Particles</Filter>
    </ClCompile>
    <ClCompile Include="ParticleRender.cpp">
      <Filter>Particles</Filter>
    </ClCompile>
    <ClCompile Include="InkRender.cpp">
      <Filter>Ink</Filter>
    </ClCompile>
    <ClCompile Include="InkCubeRender.cpp">
      <Filter>Ink</Filter>
    </ClCompile>
    <ClCompile Include="InkPlaneRender.cpp">
      <Filter>Ink</Filter>
    </ClCompile>
    <ClCompile Include="InkShapeRender.cpp">
      <Filter>Ink</Filter>
    </ClCompile>
    <ClCompile Include="AnimationNode.cpp">
      <Filter>SceneGraph</Filter>
    </ClCompile>
    <ClCompile Include="QuaternionAnimation.cpp">
      <Filter>Animation</Filter>
    </ClCompile>
    <ClCompile Include="VectorAnimation.cpp">
      <Filter>Animation</Filter>
    </ClCompile>
    <ClCompile Include="Animation.cpp">
      <Filter>Animation</Filter>
    </ClCompile>
  </ItemGroup>
  <ItemGroup>
    <CopyFileToFolders Include="GourandFragmentShader.hlsl">
      <Filter>Resource Files\Shaders\GourandShading</Filter>
    </CopyFileToFolders>
    <CopyFileToFolders Include="GourandVertexShader.hlsl">
      <Filter>Resource Files\Shaders\GourandShading</Filter>
    </CopyFileToFolders>
    <CopyFileToFolders Include="sphere.obj">
      <Filter>Resource Files\Models</Filter>
    </CopyFileToFolders>
    <CopyFileToFolders Include="cube.obj">
      <Filter>Resource Files\Models</Filter>
    </CopyFileToFolders>
    <CopyFileToFolders Include="plane.obj">
      <Filter>Resource Files\Models</Filter>
    </CopyFileToFolders>
    <CopyFileToFolders Include="ToonVertexShader.hlsl">
      <Filter>Resource Files\Shaders\ToonShading</Filter>
    </CopyFileToFolders>
    <CopyFileToFolders Include="ToonFragmentShader.hlsl">
      <Filter>Resource Files\Shaders\ToonShading</Filter>
    </CopyFileToFolders>
    <CopyFileToFolders Include="DisplacementDirectionalShadowDomainShader.hlsl">
      <Filter>Resource Files\Shaders\DirectionalShadowShading\Displacement</Filter>
    </CopyFileToFolders>
    <CopyFileToFolders Include="DisplacementDirectionalShadowFragmentShader.hlsl">
      <Filter>Resource Files\Shaders\DirectionalShadowShading\Displacement</Filter>
    </CopyFileToFolders>
    <CopyFileToFolders Include="DisplacementDirectionalShadowHullShader.hlsl">
      <Filter>Resource Files\Shaders\DirectionalShadowShading\Displacement</Filter>
    </CopyFileToFolders>
    <CopyFileToFolders Include="DisplacementDirectionalShadowVertexShader.hlsl">
      <Filter>Resource Files\Shaders\DirectionalShadowShading\Displacement</Filter>
    </CopyFileToFolders>
    <CopyFileToFolders Include="DisplacementOmniShadowDomainShader.hlsl">
      <Filter>Resource Files\Shaders\OmniDirectionalShadowShading\Displacement</Filter>
    </CopyFileToFolders>
    <CopyFileToFolders Include="DisplacementOmniShadowFragmentShader.hlsl">
      <Filter>Resource Files\Shaders\OmniDirectionalShadowShading\Displacement</Filter>
    </CopyFileToFolders>
    <CopyFileToFolders Include="DisplacementOmniShadowGeometryShader.hlsl">
      <Filter>Resource Files\Shaders\OmniDirectionalShadowShading\Displacement</Filter>
    </CopyFileToFolders>
    <CopyFileToFolders Include="DisplacementOmniShadowHullShader.hlsl">
      <Filter>Resource Files\Shaders\OmniDirectionalShadowShading\Displacement</Filter>
    </CopyFileToFolders>
    <CopyFileToFolders Include="DisplacementOmniShadowVertexShader.hlsl">
      <Filter>Resource Files\Shaders\OmniDirectionalShadowShading\Displacement</Filter>
    </CopyFileToFolders>
    <CopyFileToFolders Include="NormalDirectionalShadowFragmentShader.hlsl">
      <Filter>Resource Files\Shaders\DirectionalShadowShading\Normal</Filter>
    </CopyFileToFolders>
    <CopyFileToFolders Include="NormalDirectionalShadowVertexShader.hlsl">
      <Filter>Resource Files\Shaders\DirectionalShadowShading\Normal</Filter>
    </CopyFileToFolders>
    <CopyFileToFolders Include="NormalOmniShadowFragmentShader.hlsl">
      <Filter>Resource Files\Shaders\OmniDirectionalShadowShading\Normal</Filter>
    </CopyFileToFolders>
    <CopyFileToFolders Include="NormalOmniShadowGeometryShader.hlsl">
      <Filter>Resource Files\Shaders\OmniDirectionalShadowShading\Normal</Filter>
    </CopyFileToFolders>
    <CopyFileToFolders Include="NormalOmniShadowVertexShader.hlsl">
      <Filter>Resource Files\Shaders\OmniDirectionalShadowShading\Normal</Filter>
    </CopyFileToFolders>
    <CopyFileToFolders Include="ParticleFragmentShader.hlsl">
      <Filter>Resource Files\Shaders\ParticleShader</Filter>
    </CopyFileToFolders>
    <CopyFileToFolders Include="ParticleVertexShader.hlsl">
      <Filter>Resource Files\Shaders\ParticleShader</Filter>
    </CopyFileToFolders>
    <CopyFileToFolders Include="InkColorDomainShader.hlsl">
      <Filter>Ink\ColorShader</Filter>
    </CopyFileToFolders>
    <CopyFileToFolders Include="InkColorFragmentShader.hlsl">
      <Filter>Ink\ColorShader</Filter>
    </CopyFileToFolders>
    <CopyFileToFolders Include="InkColorHullShader.hlsl">
      <Filter>Ink\ColorShader</Filter>
    </CopyFileToFolders>
    <CopyFileToFolders Include="InkColorVertexShader.hlsl">
      <Filter>Ink\ColorShader</Filter>
    </CopyFileToFolders>
    <CopyFileToFolders Include="InkDepthDomainShader.hlsl">
      <Filter>Ink\DepthShader</Filter>
    </CopyFileToFolders>
    <CopyFileToFolders Include="InkDepthFragmentShader.hlsl">
      <Filter>Ink\DepthShader</Filter>
    </CopyFileToFolders>
    <CopyFileToFolders Include="InkDepthHullShader.hlsl">
      <Filter>Ink\DepthShader</Filter>
    </CopyFileToFolders>
    <CopyFileToFolders Include="InkDepthVertexShader.hlsl">
      <Filter>Ink\DepthShader</Filter>
    </CopyFileToFolders>
    <CopyFileToFolders Include="InkCubeDepthFragmentShader.hlsl">
      <Filter>Ink\CubeDepthShader</Filter>
    </CopyFileToFolders>
    <CopyFileToFolders Include="InkCubeDepthGeometryShader.hlsl">
      <Filter>Ink\CubeDepthShader</Filter>
    </CopyFileToFolders>
    <CopyFileToFolders Include="InkCubeDepthVertexShader.hlsl">
      <Filter>Ink\CubeDepthShader</Filter>
    </CopyFileToFolders>
    <CopyFileToFolders Include="InkPlaneFragmentShader.hlsl">
      <Filter>Ink\PlaneDepthShader</Filter>
    </CopyFileToFolders>
    <CopyFileToFolders Include="InkPlaneVertexShader.hlsl">
      <Filter>Ink\PlaneDepthShader</Filter>
    </CopyFileToFolders>
    <CopyFileToFolders Include="HDRFragmentShader.hlsl">
      <Filter>Resource Files\Shaders\HDRShading</Filter>
    </CopyFileToFolders>
    <CopyFileToFolders Include="HDRVertexShader.hlsl">
      <Filter>Resource Files\Shaders\HDRShading</Filter>
    </CopyFileToFolders>
    <CopyFileToFolders Include="BumpFragmentShader.hlsl">
      <Filter>Resource Files\Shaders\BumpShading\Forward</Filter>
    </CopyFileToFolders>
    <CopyFileToFolders Include="BumpVertexShader.hlsl">
      <Filter>Resource Files\Shaders\BumpShading\Forward</Filter>
    </CopyFileToFolders>
    <CopyFileToFolders Include="DisplacementDomainShader.hlsl">
      <Filter>Resource Files\Shaders\DisplacementShading\Forward</Filter>
    </CopyFileToFolders>
    <CopyFileToFolders Include="DisplacementFragmentShader.hlsl">
      <Filter>Resource Files\Shaders\DisplacementShading\Forward</Filter>
    </CopyFileToFolders>
    <CopyFileToFolders Include="DisplacementHullShader.hlsl">
      <Filter>Resource Files\Shaders\DisplacementShading\Forward</Filter>
    </CopyFileToFolders>
    <CopyFileToFolders Include="DisplacementVertexShader.hlsl">
      <Filter>Resource Files\Shaders\DisplacementShading\Forward</Filter>
    </CopyFileToFolders>
    <CopyFileToFolders Include="PhongFragmentShader.hlsl">
      <Filter>Resource Files\Shaders\PhongShading\Forward</Filter>
    </CopyFileToFolders>
    <CopyFileToFolders Include="PhongVertexShader.hlsl">
      <Filter>Resource Files\Shaders\PhongShading\Forward</Filter>
    </CopyFileToFolders>
    <CopyFileToFolders Include="TextureFragmentShader.hlsl">
      <Filter>Resource Files\Shaders\TextureShading\Forward</Filter>
    </CopyFileToFolders>
    <CopyFileToFolders Include="TextureVertexShader.hlsl">
      <Filter>Resource Files\Shaders\TextureShading\Forward</Filter>
    </CopyFileToFolders>
    <CopyFileToFolders Include="BumpDeferredFragmentShader.hlsl">
      <Filter>Resource Files\Shaders\BumpShading\Deferred</Filter>
    </CopyFileToFolders>
    <CopyFileToFolders Include="BumpDeferredVertexShader.hlsl">
      <Filter>Resource Files\Shaders\BumpShading\Deferred</Filter>
    </CopyFileToFolders>
    <CopyFileToFolders Include="DisplacementDeferredDomainShader.hlsl">
      <Filter>Resource Files\Shaders\DisplacementShading\Deferred</Filter>
    </CopyFileToFolders>
    <CopyFileToFolders Include="DisplacementDeferredFragmentShader.hlsl">
      <Filter>Resource Files\Shaders\DisplacementShading\Deferred</Filter>
    </CopyFileToFolders>
    <CopyFileToFolders Include="DisplacementDeferredHullShader.hlsl">
      <Filter>Resource Files\Shaders\DisplacementShading\Deferred</Filter>
    </CopyFileToFolders>
    <CopyFileToFolders Include="DisplacementDeferredVertexShader.hlsl">
      <Filter>Resource Files\Shaders\DisplacementShading\Deferred</Filter>
    </CopyFileToFolders>
    <CopyFileToFolders Include="PhongDeferredFragmentShader.hlsl">
      <Filter>Resource Files\Shaders\PhongShading\Deferred</Filter>
    </CopyFileToFolders>
    <CopyFileToFolders Include="PhongDeferredVertexShader.hlsl">
      <Filter>Resource Files\Shaders\PhongShading\Deferred</Filter>
    </CopyFileToFolders>
    <CopyFileToFolders Include="TextureDeferredFragmentShader.hlsl">
      <Filter>Resource Files\Shaders\TextureShading\Deferred</Filter>
    </CopyFileToFolders>
    <CopyFileToFolders Include="TextureDeferredVertexShader.hlsl">
      <Filter>Resource Files\Shaders\TextureShading\Deferred</Filter>
    </CopyFileToFolders>
  </ItemGroup>
  <ItemGroup>
    <CopyFileToFolders Include="Configuration.txt" />
    <Text Include="Notes.txt" />
  </ItemGroup>
  <ItemGroup>
    <None Include="packages.config" />
  </ItemGroup>
  <ItemGroup>
    <Image Include="tyre_base.dds">
      <Filter>Resource Files\Textures</Filter>
    </Image>
    <Image Include="tyre_height.dds">
      <Filter>Resource Files\Textures</Filter>
    </Image>
    <Image Include="tyre_normal.dds">
      <Filter>Resource Files\Textures</Filter>
    </Image>
    <Image Include="tyre_spec.dds">
      <Filter>Resource Files\Textures</Filter>
    </Image>
  </ItemGroup>
  <ItemGroup>
    <FxCompile Include="EnvironmentDeferredVertexShader.hlsl">
      <Filter>Resource Files\Shaders\EnvironmentShading\Deferred</Filter>
    </FxCompile>
    <FxCompile Include="EnvironmentDeferredFragmentShader.hlsl">
      <Filter>Resource Files\Shaders\EnvironmentShading\Deferred</Filter>
    </FxCompile>
    <FxCompile Include="EnvironmentVertexShader.hlsl">
      <Filter>Resource Files\Shaders\EnvironmentShading\Forward</Filter>
    </FxCompile>
    <FxCompile Include="EnvironmentFragmentShader.hlsl">
      <Filter>Resource Files\Shaders\EnvironmentShading\Forward</Filter>
    </FxCompile>
    <FxCompile Include="EnvironmentSetupVertexShader.hlsl">
      <Filter>Resource Files\Shaders\EnvironmentShading\Setup</Filter>
    </FxCompile>
    <FxCompile Include="EnvironmentSetupGeometryShader.hlsl">
      <Filter>Resource Files\Shaders\EnvironmentShading\Setup</Filter>
    </FxCompile>
    <FxCompile Include="EnvironmentSetupFragmentShader.hlsl">
      <Filter>Resource Files\Shaders\EnvironmentShading\Setup</Filter>
    </FxCompile>
  </ItemGroup>
</Project>